
Microsoft Visual Studio Solution File, Format Version 12.00
# Visual Studio 15
VisualStudioVersion = 15.0.28010.2026
MinimumVisualStudioVersion = 10.0.40219.1
Project("{FAE04EC0-301F-11D3-BF4B-00C04F79EFBC}") = "检修机母机界面", "检修机母机界面\检修机母机界面.csproj", "{C3678F73-73BC-4265-B342-9B9A8C63AF55}"
EndProject
Global
	GlobalSection(SolutionConfigurationPlatforms) = preSolution
		Debug|Any CPU = Debug|Any CPU
		Release|Any CPU = Release|Any CPU
	EndGlobalSection
	GlobalSection(ProjectConfigurationPlatforms) = postSolution
		{C3678F73-73BC-4265-B342-9B9A8C63AF55}.Debug|Any CPU.ActiveCfg = Debug|Any CPU
		{C3678F73-73BC-4265-B342-9B9A8C63AF55}.Debug|Any CPU.Build.0 = Debug|Any CPU
		{C3678F73-73BC-4265-B342-9B9A8C63AF55}.Release|Any CPU.ActiveCfg = Release|Any CPU
		{C3678F73-73BC-4265-B342-9B9A8C63AF55}.Release|Any CPU.Build.0 = Release|Any CPU
	EndGlobalSection
	GlobalSection(SolutionProperties) = preSolution
		HideSolutionNode = FALSE
	EndGlobalSection
	GlobalSection(ExtensibilityGlobals) = postSolution
		SolutionGuid = {22E9A5A5-1BA4-49AF-80DC-C51795D76422}
	EndGlobalSection
EndGlobal
